
Microsoft Visual Studio Solution File, Format Version 12.00
# Visual Studio 2012
Project("{2150E333-8FDC-42A3-9474-1A3956D46DE8}") = "02 LeaRun.UI", "02 LeaRun.UI", "{F39F5F4A-9C46-4CEE-8C83-C99CE98767B0}"
EndProject
Project("{2150E333-8FDC-42A3-9474-1A3956D46DE8}") = "01 LeaRun.Service", "01 LeaRun.Service", "{AF9BA993-669E-45A6-9F8B-08D47E47919E}"
EndProject
Project("{FAE04EC0-301F-11D3-BF4B-00C04F79EFBC}") = "LeaRun.Business", "LeaRun.Business\LeaRun.Business.csproj", "{644D58B9-1467-416C-B031-00B6F4B385D4}"
EndProject
Project("{FAE04EC0-301F-11D3-BF4B-00C04F79EFBC}") = "LeaRun.Repository", "LeaRun.Repository\LeaRun.Repository.csproj", "{1848EFAD-3F70-4E52-8BD8-E952DC127F4D}"
EndProject
Project("{FAE04EC0-301F-11D3-BF4B-00C04F79EFBC}") = "LeaRun.Entity", "LeaRun.Entity\LeaRun.Entity.csproj", "{FE90ED79-3221-4C96-9361-9019A17BE9F7}"
EndProject
Project("{FAE04EC0-301F-11D3-BF4B-00C04F79EFBC}") = "LeaRun.WebApp", "LeaRun.WebApp\LeaRun.WebApp.csproj", "{DCD9D380-C2E1-41B2-9761-43F40DBA1567}"
EndProject
Project("{2150E333-8FDC-42A3-9474-1A3956D46DE8}") = "zxl", "zxl", "{BCDB9F68-FCB9-4C5E-B74A-ECA432CD9280}"
EndProject
Project("{FAE04EC0-301F-11D3-BF4B-00C04F79EFBC}") = "Zxl.Models", "Zxl.Models\Zxl.Models.csproj", "{9BBF7CCF-2BFF-4348-A81A-9849324D3416}"
EndProject
Project("{FAE04EC0-301F-11D3-BF4B-00C04F79EFBC}") = "Zxl.Common", "Zxl.Common\Zxl.Common.csproj", "{2BA3F087-AA35-439A-B2F6-A0C30026173E}"
EndProject
Project("{FAE04EC0-301F-11D3-BF4B-00C04F79EFBC}") = "Zxl.IBLL", "Zxl.IBLL\Zxl.IBLL.csproj", "{F9FC4999-379A-4117-AFE3-4FA6EC93F1E2}"
EndProject
Project("{FAE04EC0-301F-11D3-BF4B-00C04F79EFBC}") = "Zxl.BLL", "Zxl.BLL\Zxl.BLL.csproj", "{B156645D-0717-45BC-BD6F-8370B8E4C329}"
EndProject
Project("{FAE04EC0-301F-11D3-BF4B-00C04F79EFBC}") = "Zxl.DAL", "Zxl.DAL\Zxl.DAL.csproj", "{EFC11A2A-F053-425E-8E9E-81117957C54C}"
EndProject
Project("{FAE04EC0-301F-11D3-BF4B-00C04F79EFBC}") = "Zxl.IDAL", "Zxl.IDAL\Zxl.IDAL.csproj", "{BFBF9606-64AA-48BD-B5D0-D191C499D60C}"
EndProject
Global
	GlobalSection(SolutionConfigurationPlatforms) = preSolution
		Debug|Any CPU = Debug|Any CPU
		Release|Any CPU = Release|Any CPU
	EndGlobalSection
	GlobalSection(ProjectConfigurationPlatforms) = postSolution
		{644D58B9-1467-416C-B031-00B6F4B385D4}.Debug|Any CPU.ActiveCfg = Debug|Any CPU
		{644D58B9-1467-416C-B031-00B6F4B385D4}.Debug|Any CPU.Build.0 = Debug|Any CPU
		{644D58B9-1467-416C-B031-00B6F4B385D4}.Release|Any CPU.ActiveCfg = Release|Any CPU
		{644D58B9-1467-416C-B031-00B6F4B385D4}.Release|Any CPU.Build.0 = Release|Any CPU
		{1848EFAD-3F70-4E52-8BD8-E952DC127F4D}.Debug|Any CPU.ActiveCfg = Debug|Any CPU
		{1848EFAD-3F70-4E52-8BD8-E952DC127F4D}.Debug|Any CPU.Build.0 = Debug|Any CPU
		{1848EFAD-3F70-4E52-8BD8-E952DC127F4D}.Release|Any CPU.ActiveCfg = Release|Any CPU
		{1848EFAD-3F70-4E52-8BD8-E952DC127F4D}.Release|Any CPU.Build.0 = Release|Any CPU
		{FE90ED79-3221-4C96-9361-9019A17BE9F7}.Debug|Any CPU.ActiveCfg = Debug|Any CPU
		{FE90ED79-3221-4C96-9361-9019A17BE9F7}.Debug|Any CPU.Build.0 = Debug|Any CPU
		{FE90ED79-3221-4C96-9361-9019A17BE9F7}.Release|Any CPU.ActiveCfg = Release|Any CPU
		{FE90ED79-3221-4C96-9361-9019A17BE9F7}.Release|Any CPU.Build.0 = Release|Any CPU
		{DCD9D380-C2E1-41B2-9761-43F40DBA1567}.Debug|Any CPU.ActiveCfg = Debug|Any CPU
		{DCD9D380-C2E1-41B2-9761-43F40DBA1567}.Debug|Any CPU.Build.0 = Debug|Any CPU
		{DCD9D380-C2E1-41B2-9761-43F40DBA1567}.Release|Any CPU.ActiveCfg = Release|Any CPU
		{DCD9D380-C2E1-41B2-9761-43F40DBA1567}.Release|Any CPU.Build.0 = Release|Any CPU
		{9BBF7CCF-2BFF-4348-A81A-9849324D3416}.Debug|Any CPU.ActiveCfg = Debug|Any CPU
		{9BBF7CCF-2BFF-4348-A81A-9849324D3416}.Debug|Any CPU.Build.0 = Debug|Any CPU
		{9BBF7CCF-2BFF-4348-A81A-9849324D3416}.Release|Any CPU.ActiveCfg = Release|Any CPU
		{9BBF7CCF-2BFF-4348-A81A-9849324D3416}.Release|Any CPU.Build.0 = Release|Any CPU
		{2BA3F087-AA35-439A-B2F6-A0C30026173E}.Debug|Any CPU.ActiveCfg = Debug|Any CPU
		{2BA3F087-AA35-439A-B2F6-A0C30026173E}.Debug|Any CPU.Build.0 = Debug|Any CPU
		{2BA3F087-AA35-439A-B2F6-A0C30026173E}.Release|Any CPU.ActiveCfg = Release|Any CPU
		{2BA3F087-AA35-439A-B2F6-A0C30026173E}.Release|Any CPU.Build.0 = Release|Any CPU
		{F9FC4999-379A-4117-AFE3-4FA6EC93F1E2}.Debug|Any CPU.ActiveCfg = Debug|Any CPU
		{F9FC4999-379A-4117-AFE3-4FA6EC93F1E2}.Debug|Any CPU.Build.0 = Debug|Any CPU
		{F9FC4999-379A-4117-AFE3-4FA6EC93F1E2}.Release|Any CPU.ActiveCfg = Release|Any CPU
		{F9FC4999-379A-4117-AFE3-4FA6EC93F1E2}.Release|Any CPU.Build.0 = Release|Any CPU
		{B156645D-0717-45BC-BD6F-8370B8E4C329}.Debug|Any CPU.ActiveCfg = Debug|Any CPU
		{B156645D-0717-45BC-BD6F-8370B8E4C329}.Debug|Any CPU.Build.0 = Debug|Any CPU
		{B156645D-0717-45BC-BD6F-8370B8E4C329}.Release|Any CPU.ActiveCfg = Release|Any CPU
		{B156645D-0717-45BC-BD6F-8370B8E4C329}.Release|Any CPU.Build.0 = Release|Any CPU
		{EFC11A2A-F053-425E-8E9E-81117957C54C}.Debug|Any CPU.ActiveCfg = Debug|Any CPU
		{EFC11A2A-F053-425E-8E9E-81117957C54C}.Debug|Any CPU.Build.0 = Debug|Any CPU
		{EFC11A2A-F053-425E-8E9E-81117957C54C}.Release|Any CPU.ActiveCfg = Release|Any CPU
		{EFC11A2A-F053-425E-8E9E-81117957C54C}.Release|Any CPU.Build.0 = Release|Any CPU
		{BFBF9606-64AA-48BD-B5D0-D191C499D60C}.Debug|Any CPU.ActiveCfg = Debug|Any CPU
		{BFBF9606-64AA-48BD-B5D0-D191C499D60C}.Debug|Any CPU.Build.0 = Debug|Any CPU
		{BFBF9606-64AA-48BD-B5D0-D191C499D60C}.Release|Any CPU.ActiveCfg = Release|Any CPU
		{BFBF9606-64AA-48BD-B5D0-D191C499D60C}.Release|Any CPU.Build.0 = Release|Any CPU
	EndGlobalSection
	GlobalSection(SolutionProperties) = preSolution
		HideSolutionNode = FALSE
	EndGlobalSection
	GlobalSection(NestedProjects) = preSolution
		{DCD9D380-C2E1-41B2-9761-43F40DBA1567} = {F39F5F4A-9C46-4CEE-8C83-C99CE98767B0}
		{644D58B9-1467-416C-B031-00B6F4B385D4} = {AF9BA993-669E-45A6-9F8B-08D47E47919E}
		{1848EFAD-3F70-4E52-8BD8-E952DC127F4D} = {AF9BA993-669E-45A6-9F8B-08D47E47919E}
		{FE90ED79-3221-4C96-9361-9019A17BE9F7} = {AF9BA993-669E-45A6-9F8B-08D47E47919E}
		{9BBF7CCF-2BFF-4348-A81A-9849324D3416} = {BCDB9F68-FCB9-4C5E-B74A-ECA432CD9280}
		{2BA3F087-AA35-439A-B2F6-A0C30026173E} = {BCDB9F68-FCB9-4C5E-B74A-ECA432CD9280}
		{F9FC4999-379A-4117-AFE3-4FA6EC93F1E2} = {BCDB9F68-FCB9-4C5E-B74A-ECA432CD9280}
		{B156645D-0717-45BC-BD6F-8370B8E4C329} = {BCDB9F68-FCB9-4C5E-B74A-ECA432CD9280}
		{EFC11A2A-F053-425E-8E9E-81117957C54C} = {BCDB9F68-FCB9-4C5E-B74A-ECA432CD9280}
		{BFBF9606-64AA-48BD-B5D0-D191C499D60C} = {BCDB9F68-FCB9-4C5E-B74A-ECA432CD9280}
	EndGlobalSection
EndGlobal
